
Microsoft Visual Studio Solution File, Format Version 12.00
# Visual Studio 15
VisualStudioVersion = 15.0.28010.2050
MinimumVisualStudioVersion = 10.0.40219.1
Project("{2150E333-8FDC-42A3-9474-1A3956D46DE8}") = "Common", "Common", "{F2B6C11A-3FDC-4D2A-B154-E610453C9C06}"
EndProject
Project("{2150E333-8FDC-42A3-9474-1A3956D46DE8}") = "CacheSystem", "CacheSystem", "{FAEC9EA3-6111-4C10-99BC-5767FD00C5DF}"
EndProject
Project("{2150E333-8FDC-42A3-9474-1A3956D46DE8}") = "Core", "Core", "{8B651618-73F0-4FE7-9A71-3442451A26D1}"
EndProject
Project("{2150E333-8FDC-42A3-9474-1A3956D46DE8}") = "Infrastricture", "Infrastricture", "{43895680-CE41-41AA-B2B8-BD2D2E0B46BB}"
EndProject
Project("{2150E333-8FDC-42A3-9474-1A3956D46DE8}") = "Presentation", "Presentation", "{97C81A60-A77E-4C2D-B9E6-E4CE220C273A}"
EndProject
Project("{FAE04EC0-301F-11D3-BF4B-00C04F79EFBC}") = "CacheSystem.Domain", "CacheSystem.Domain\CacheSystem.Domain.csproj", "{64A939AE-305A-41F7-9DD6-5E4EDCCFE605}"
EndProject
Project("{FAE04EC0-301F-11D3-BF4B-00C04F79EFBC}") = "CacheSystem.Application", "CacheSystem.Application\CacheSystem.Application.csproj", "{8BF939DE-A96F-4F73-A8A3-ED826460AAAA}"
EndProject
Project("{FAE04EC0-301F-11D3-BF4B-00C04F79EFBC}") = "CacheSystemService", "CacheSystemService\CacheSystemService.csproj", "{746E57BE-8EB1-4B9B-910A-E7B36F94E333}"
EndProject
Project("{FAE04EC0-301F-11D3-BF4B-00C04F79EFBC}") = "CacheSystem.Persistance", "CacheSystem.Persistance\CacheSystem.Persistance.csproj", "{ADE4DA0E-E473-4920-B4F3-80E3903D8956}"
EndProject
Project("{FAE04EC0-301F-11D3-BF4B-00C04F79EFBC}") = "CacheSystem.PersistanceInMemory", "CacheSystem.PersistanceInMemory\CacheSystem.PersistanceInMemory.csproj", "{DBE0E016-E830-4E58-B959-D566D77F7480}"
EndProject
Project("{2150E333-8FDC-42A3-9474-1A3956D46DE8}") = "RegisterService", "RegisterService", "{D2197AA1-DD0D-4B67-8C29-3C04E23F001F}"
EndProject
Project("{2150E333-8FDC-42A3-9474-1A3956D46DE8}") = "Presentation", "Presentation", "{C71965E8-68A9-448C-9FEB-CC45439C6BAC}"
EndProject
Project("{FAE04EC0-301F-11D3-BF4B-00C04F79EFBC}") = "RegisterService", "RegisterService\RegisterService.csproj", "{F9AF137C-9E45-4870-95C1-87EAA236EFA0}"
EndProject
Project("{2150E333-8FDC-42A3-9474-1A3956D46DE8}") = "Core", "Core", "{EE94C34D-02B3-4492-884E-3FD80ED6A52D}"
EndProject
Project("{FAE04EC0-301F-11D3-BF4B-00C04F79EFBC}") = "RegisterService.Application", "RegisterService.Application\RegisterService.Application.csproj", "{93D07D8A-DB70-4B6C-AB48-52926E0C7CEA}"
EndProject
Project("{2150E333-8FDC-42A3-9474-1A3956D46DE8}") = "Infrastructure", "Infrastructure", "{5244F9A0-0888-4E94-95F4-DFA069A15FE3}"
EndProject
Project("{FAE04EC0-301F-11D3-BF4B-00C04F79EFBC}") = "RegisterService.Persistance", "RegisterService.Persistance\RegisterService.Persistance.csproj", "{9BBA3FF9-C950-4F61-898A-7E7C578178A8}"
EndProject
Project("{FAE04EC0-301F-11D3-BF4B-00C04F79EFBC}") = "CacheSystem.Infrastructure", "CacheSystem.Infrastructure\CacheSystem.Infrastructure.csproj", "{B5E501D0-DEFD-415D-94AA-10AA0AB76190}"
EndProject
Global
	GlobalSection(SolutionConfigurationPlatforms) = preSolution
		Debug|Any CPU = Debug|Any CPU
		Release|Any CPU = Release|Any CPU
	EndGlobalSection
	GlobalSection(ProjectConfigurationPlatforms) = postSolution
		{64A939AE-305A-41F7-9DD6-5E4EDCCFE605}.Debug|Any CPU.ActiveCfg = Debug|Any CPU
		{64A939AE-305A-41F7-9DD6-5E4EDCCFE605}.Debug|Any CPU.Build.0 = Debug|Any CPU
		{64A939AE-305A-41F7-9DD6-5E4EDCCFE605}.Release|Any CPU.ActiveCfg = Release|Any CPU
		{64A939AE-305A-41F7-9DD6-5E4EDCCFE605}.Release|Any CPU.Build.0 = Release|Any CPU
		{8BF939DE-A96F-4F73-A8A3-ED826460AAAA}.Debug|Any CPU.ActiveCfg = Debug|Any CPU
		{8BF939DE-A96F-4F73-A8A3-ED826460AAAA}.Debug|Any CPU.Build.0 = Debug|Any CPU
		{8BF939DE-A96F-4F73-A8A3-ED826460AAAA}.Release|Any CPU.ActiveCfg = Release|Any CPU
		{8BF939DE-A96F-4F73-A8A3-ED826460AAAA}.Release|Any CPU.Build.0 = Release|Any CPU
		{746E57BE-8EB1-4B9B-910A-E7B36F94E333}.Debug|Any CPU.ActiveCfg = Debug|Any CPU
		{746E57BE-8EB1-4B9B-910A-E7B36F94E333}.Debug|Any CPU.Build.0 = Debug|Any CPU
		{746E57BE-8EB1-4B9B-910A-E7B36F94E333}.Release|Any CPU.ActiveCfg = Release|Any CPU
		{746E57BE-8EB1-4B9B-910A-E7B36F94E333}.Release|Any CPU.Build.0 = Release|Any CPU
		{ADE4DA0E-E473-4920-B4F3-80E3903D8956}.Debug|Any CPU.ActiveCfg = Debug|Any CPU
		{ADE4DA0E-E473-4920-B4F3-80E3903D8956}.Debug|Any CPU.Build.0 = Debug|Any CPU
		{ADE4DA0E-E473-4920-B4F3-80E3903D8956}.Release|Any CPU.ActiveCfg = Release|Any CPU
		{ADE4DA0E-E473-4920-B4F3-80E3903D8956}.Release|Any CPU.Build.0 = Release|Any CPU
		{DBE0E016-E830-4E58-B959-D566D77F7480}.Debug|Any CPU.ActiveCfg = Debug|Any CPU
		{DBE0E016-E830-4E58-B959-D566D77F7480}.Debug|Any CPU.Build.0 = Debug|Any CPU
		{DBE0E016-E830-4E58-B959-D566D77F7480}.Release|Any CPU.ActiveCfg = Release|Any CPU
		{DBE0E016-E830-4E58-B959-D566D77F7480}.Release|Any CPU.Build.0 = Release|Any CPU
		{F9AF137C-9E45-4870-95C1-87EAA236EFA0}.Debug|Any CPU.ActiveCfg = Debug|Any CPU
		{F9AF137C-9E45-4870-95C1-87EAA236EFA0}.Debug|Any CPU.Build.0 = Debug|Any CPU
		{F9AF137C-9E45-4870-95C1-87EAA236EFA0}.Release|Any CPU.ActiveCfg = Release|Any CPU
		{F9AF137C-9E45-4870-95C1-87EAA236EFA0}.Release|Any CPU.Build.0 = Release|Any CPU
		{93D07D8A-DB70-4B6C-AB48-52926E0C7CEA}.Debug|Any CPU.ActiveCfg = Debug|Any CPU
		{93D07D8A-DB70-4B6C-AB48-52926E0C7CEA}.Debug|Any CPU.Build.0 = Debug|Any CPU
		{93D07D8A-DB70-4B6C-AB48-52926E0C7CEA}.Release|Any CPU.ActiveCfg = Release|Any CPU
		{93D07D8A-DB70-4B6C-AB48-52926E0C7CEA}.Release|Any CPU.Build.0 = Release|Any CPU
		{9BBA3FF9-C950-4F61-898A-7E7C578178A8}.Debug|Any CPU.ActiveCfg = Debug|Any CPU
		{9BBA3FF9-C950-4F61-898A-7E7C578178A8}.Debug|Any CPU.Build.0 = Debug|Any CPU
		{9BBA3FF9-C950-4F61-898A-7E7C578178A8}.Release|Any CPU.ActiveCfg = Release|Any CPU
		{9BBA3FF9-C950-4F61-898A-7E7C578178A8}.Release|Any CPU.Build.0 = Release|Any CPU
		{B5E501D0-DEFD-415D-94AA-10AA0AB76190}.Debug|Any CPU.ActiveCfg = Debug|Any CPU
		{B5E501D0-DEFD-415D-94AA-10AA0AB76190}.Debug|Any CPU.Build.0 = Debug|Any CPU
		{B5E501D0-DEFD-415D-94AA-10AA0AB76190}.Release|Any CPU.ActiveCfg = Release|Any CPU
		{B5E501D0-DEFD-415D-94AA-10AA0AB76190}.Release|Any CPU.Build.0 = Release|Any CPU
	EndGlobalSection
	GlobalSection(SolutionProperties) = preSolution
		HideSolutionNode = FALSE
	EndGlobalSection
	GlobalSection(NestedProjects) = preSolution
		{8B651618-73F0-4FE7-9A71-3442451A26D1} = {FAEC9EA3-6111-4C10-99BC-5767FD00C5DF}
		{43895680-CE41-41AA-B2B8-BD2D2E0B46BB} = {FAEC9EA3-6111-4C10-99BC-5767FD00C5DF}
		{97C81A60-A77E-4C2D-B9E6-E4CE220C273A} = {FAEC9EA3-6111-4C10-99BC-5767FD00C5DF}
		{64A939AE-305A-41F7-9DD6-5E4EDCCFE605} = {8B651618-73F0-4FE7-9A71-3442451A26D1}
		{8BF939DE-A96F-4F73-A8A3-ED826460AAAA} = {8B651618-73F0-4FE7-9A71-3442451A26D1}
		{746E57BE-8EB1-4B9B-910A-E7B36F94E333} = {97C81A60-A77E-4C2D-B9E6-E4CE220C273A}
		{ADE4DA0E-E473-4920-B4F3-80E3903D8956} = {43895680-CE41-41AA-B2B8-BD2D2E0B46BB}
		{DBE0E016-E830-4E58-B959-D566D77F7480} = {43895680-CE41-41AA-B2B8-BD2D2E0B46BB}
		{C71965E8-68A9-448C-9FEB-CC45439C6BAC} = {D2197AA1-DD0D-4B67-8C29-3C04E23F001F}
		{F9AF137C-9E45-4870-95C1-87EAA236EFA0} = {C71965E8-68A9-448C-9FEB-CC45439C6BAC}
		{EE94C34D-02B3-4492-884E-3FD80ED6A52D} = {D2197AA1-DD0D-4B67-8C29-3C04E23F001F}
		{93D07D8A-DB70-4B6C-AB48-52926E0C7CEA} = {EE94C34D-02B3-4492-884E-3FD80ED6A52D}
		{5244F9A0-0888-4E94-95F4-DFA069A15FE3} = {D2197AA1-DD0D-4B67-8C29-3C04E23F001F}
		{9BBA3FF9-C950-4F61-898A-7E7C578178A8} = {5244F9A0-0888-4E94-95F4-DFA069A15FE3}
		{B5E501D0-DEFD-415D-94AA-10AA0AB76190} = {43895680-CE41-41AA-B2B8-BD2D2E0B46BB}
	EndGlobalSection
	GlobalSection(ExtensibilityGlobals) = postSolution
		SolutionGuid = {0798DF5B-CB76-4DB6-93B6-B9F2446C35C1}
	EndGlobalSection
EndGlobal
